# This file is automatically @generated by Cargo.
# It is not intended for manual editing.
version = 3

[[package]]
name = "clmm-hook-integration"
version = "0.1.0"
dependencies = [
 "hook-policy-model",
 "transfer-hook-sdk",
]

[[package]]
name = "cpmm-hook-integration"
version = "0.1.0"
dependencies = [
 "hook-policy-model",
 "transfer-hook-sdk",
]

[[package]]
name = "hook-policy-model"
version = "0.1.0"

[[package]]
name = "launchlab-hook-integration"
version = "0.1.0"
dependencies = [
 "hook-policy-model",
 "reference-hook-program",
 "transfer-hook-sdk",
]

[[package]]
name = "reference-hook-program"
version = "0.1.0"
dependencies = [
 "hook-policy-model",
]

[[package]]
name = "transfer-hook-e2e"
version = "0.1.0"
dependencies = [
 "clmm-hook-integration",
 "cpmm-hook-integration",
 "hook-policy-model",
 "launchlab-hook-integration",
 "reference-hook-program",
 "transfer-hook-sdk",
]

[[package]]
name = "transfer-hook-sdk"
version = "0.1.0"
dependencies = [
 "hook-policy-model",
]
